
Microsoft Visual Studio Solution File, Format Version 12.00
# Visual Studio 14
VisualStudioVersion = 14.0.25420.1
MinimumVisualStudioVersion = 10.0.40219.1
Project("{FAE04EC0-301F-11D3-BF4B-00C04F79EFBC}") = "M17E_TP01_N02", "M17E_TP01_N02\M17E_TP01_N02.csproj", "{B9F0C60D-C5A7-44CF-B5B2-86209BB1BD2C}"
EndProject
Global
	GlobalSection(SolutionConfigurationPlatforms) = preSolution
		Debug|Any CPU = Debug|Any CPU
		Release|Any CPU = Release|Any CPU
	EndGlobalSection
	GlobalSection(ProjectConfigurationPlatforms) = postSolution
		{B9F0C60D-C5A7-44CF-B5B2-86209BB1BD2C}.Debug|Any CPU.ActiveCfg = Debug|Any CPU
		{B9F0C60D-C5A7-44CF-B5B2-86209BB1BD2C}.Debug|Any CPU.Build.0 = Debug|Any CPU
		{B9F0C60D-C5A7-44CF-B5B2-86209BB1BD2C}.Release|Any CPU.ActiveCfg = Release|Any CPU
		{B9F0C60D-C5A7-44CF-B5B2-86209BB1BD2C}.Release|Any CPU.Build.0 = Release|Any CPU
	EndGlobalSection
	GlobalSection(SolutionProperties) = preSolution
		HideSolutionNode = FALSE
	EndGlobalSection
EndGlobal
